altgraph==0.17.5
cffi==2.1.1
colorclass==2.2.2
cryptography==50.0.1
easygui==0.98.3
msoffcrypto-tool==6.0.0
olefile==0.47
oletools==0.60.2
packaging==26.3
pcodedmp==1.2.6
pefile==2023.2.7
pip==24.0
pycparser==3.0
pyinstaller==6.16.0
pyinstaller-hooks-contrib==2026.7
pyparsing==3.3.2
pywin32-ctypes==0.2.3
setuptools==79.0.1
win_unicode_console==0.5
